
Microsoft Visual Studio Solution File, Format Version 12.00
# Visual Studio Version 17
VisualStudioVersion = 17.10.34804.81
MinimumVisualStudioVersion = 10.0.40219.1
Project("{9A19103F-16F7-4668-BE54-9A1E7A4F7556}") = "EFCoreLearning.ConsoleApp", "EFCoreLearning.ConsoleApp\EFCoreLearning.ConsoleApp.csproj", "{CFC57163-46F3-4F3D-A5CE-8179D2A69D49}"
EndProject
Project("{FAE04EC0-301F-11D3-BF4B-00C04F79EFBC}") = "EFCoreLearning.DataAccess", "EFCoreLearning.DataAccess\EFCoreLearning.DataAccess.csproj", "{8F2C8E3D-FDE1-40CA-BB51-FC9BC604D910}"
EndProject
Global
	GlobalSection(SolutionConfigurationPlatforms) = preSolution
		Debug|Any CPU = Debug|Any CPU
		Release|Any CPU = Release|Any CPU
	EndGlobalSection
	GlobalSection(ProjectConfigurationPlatforms) = postSolution
		{CFC57163-46F3-4F3D-A5CE-8179D2A69D49}.Debug|Any CPU.ActiveCfg = Debug|Any CPU
		{CFC57163-46F3-4F3D-A5CE-8179D2A69D49}.Debug|Any CPU.Build.0 = Debug|Any CPU
		{CFC57163-46F3-4F3D-A5CE-8179D2A69D49}.Release|Any CPU.ActiveCfg = Release|Any CPU
		{CFC57163-46F3-4F3D-A5CE-8179D2A69D49}.Release|Any CPU.Build.0 = Release|Any CPU
		{8F2C8E3D-FDE1-40CA-BB51-FC9BC604D910}.Debug|Any CPU.ActiveCfg = Debug|Any CPU
		{8F2C8E3D-FDE1-40CA-BB51-FC9BC604D910}.Debug|Any CPU.Build.0 = Debug|Any CPU
		{8F2C8E3D-FDE1-40CA-BB51-FC9BC604D910}.Release|Any CPU.ActiveCfg = Release|Any CPU
		{8F2C8E3D-FDE1-40CA-BB51-FC9BC604D910}.Release|Any CPU.Build.0 = Release|Any CPU
	EndGlobalSection
	GlobalSection(SolutionProperties) = preSolution
		HideSolutionNode = FALSE
	EndGlobalSection
	GlobalSection(ExtensibilityGlobals) = postSolution
		SolutionGuid = {E6E7077E-F22F-4225-A154-D1CB7CDC09FF}
	EndGlobalSection
EndGlobal
